
Microsoft Visual Studio Solution File, Format Version 12.00
# Visual Studio Version 16
VisualStudioVersion = 16.0.31613.86
MinimumVisualStudioVersion = 10.0.40219.1
Project("{9A19103F-16F7-4668-BE54-9A1E7A4F7556}") = "Projeto_Sprint5", "Projeto_Sprint5\Projeto_Sprint5.csproj", "{1A4DB734-1A62-4A0D-95B7-BC28F8D93423}"
EndProject
Global
	GlobalSection(SolutionConfigurationPlatforms) = preSolution
		Debug|Any CPU = Debug|Any CPU
		Release|Any CPU = Release|Any CPU
	EndGlobalSection
	GlobalSection(ProjectConfigurationPlatforms) = postSolution
		{1A4DB734-1A62-4A0D-95B7-BC28F8D93423}.Debug|Any CPU.ActiveCfg = Debug|Any CPU
		{1A4DB734-1A62-4A0D-95B7-BC28F8D93423}.Debug|Any CPU.Build.0 = Debug|Any CPU
		{1A4DB734-1A62-4A0D-95B7-BC28F8D93423}.Release|Any CPU.ActiveCfg = Release|Any CPU
		{1A4DB734-1A62-4A0D-95B7-BC28F8D93423}.Release|Any CPU.Build.0 = Release|Any CPU
	EndGlobalSection
	GlobalSection(SolutionProperties) = preSolution
		HideSolutionNode = FALSE
	EndGlobalSection
	GlobalSection(ExtensibilityGlobals) = postSolution
		SolutionGuid = {437F6513-3741-4133-B3F7-ECB5420B63F3}
	EndGlobalSection
EndGlobal
